// !$*UTF8*$!
{
	archiveVersion = 1;
	classes = {
	};
	objectVersion = 50;
	objects = {

/* Begin PBXBuildFile section */
		361CBDCF2289129000ED75EB /* AppDelegate.swift in Sources */ = {isa = PBXBuildFile; fileRef = 361CBDCE2289129000ED75EB /* AppDelegate.swift */; };
		361CBDD12289129000ED75EB /* ViewController.swift in Sources */ = {isa = PBXBuildFile; fileRef = 361CBDD02289129000ED75EB /* ViewController.swift */; };
		361CBDD42289129000ED75EB /* Main.storyboard in Resources */ = {isa = PBXBuildFile; fileRef = 361CBDD22289129000ED75EB /* Main.storyboard */; };
		361CBDD62289129500ED75EB /* Assets.xcassets in Resources */ = {isa = PBXBuildFile; fileRef = 361CBDD52289129500ED75EB /* Assets.xcassets */; };
		361CBDD92289129500ED75EB /* LaunchScreen.storyboard in Resources */ = {isa = PBXBuildFile; fileRef = 361CBDD72289129500ED75EB /* LaunchScreen.storyboard */; };
		361CBDE22289217300ED75EB /* PhotoViewController.swift in Sources */ = {isa = PBXBuildFile; fileRef = 361CBDE12289217300ED75EB /* PhotoViewController.swift */; };
		683A289748C931CA4FB76A50 /* Pods_Journals.framework in Frameworks */ = {isa = PBXBuildFile; fileRef = 50302085D75BEC5C3F55F9FF /* Pods_Journals.framework */; };
/* End PBXBuildFile section */

/* Begin PBXFileReference section */
		361CBDCB2289129000ED75EB /* Journals.app */ = {isa = PBXFileReference; explicitFileType = wrapper.application; includeInIndex = 0; path = Journals.app; sourceTree = BUILT_PRODUCTS_DIR; };
		361CBDCE2289129000ED75EB /* AppDelegate.swift */ = {isa = PBXFileReference; lastKnownFileType = sourcecode.swift; path = AppDelegate.swift; sourceTree = "<group>"; };
		361CBDD02289129000ED75EB /* ViewController.swift */ = {isa = PBXFileReference; lastKnownFileType = sourcecode.swift; path = ViewController.swift; sourceTree = "<group>"; };
		361CBDD32289129000ED75EB /* Base */ = {isa = PBXFileReference; lastKnownFileType = file.storyboard; name = Base; path = Base.lproj/Main.storyboard; sourceTree = "<group>"; };
		361CBDD52289129500ED75EB /* Assets.xcassets */ = {isa = PBXFileReference; lastKnownFileType = folder.assetcatalog; path = Assets.xcassets; sourceTree = "<group>"; };
		361CBDD82289129500ED75EB /* Base */ = {isa = PBXFileReference; lastKnownFileType = file.storyboard; name = Base; path = Base.lproj/LaunchScreen.storyboard; sourceTree = "<group>"; };
		361CBDDA2289129500ED75EB /* Info.plist */ = {isa = PBXFileReference; lastKnownFileType = text.plist.xml; path = Info.plist; sourceTree = "<group>"; };
		361CBDE12289217300ED75EB /* PhotoViewController.swift */ = {isa = PBXFileReference; lastKnownFileType = sourcecode.swift; path = PhotoViewController.swift; sourceTree = "<group>"; };
		3AA79766F936C129970F9625 /* Pods-Journals.debug.xcconfig */ = {isa = PBXFileReference; includeInIndex = 1; lastKnownFileType = text.xcconfig; name = "Pods-Journals.debug.xcconfig"; path = "Target Support Files/Pods-Journals/Pods-Journals.debug.xcconfig"; sourceTree = "<group>"; };
		50302085D75BEC5C3F55F9FF /* Pods_Journals.framework */ = {isa = PBXFileReference; explicitFileType = wrapper.framework; includeInIndex = 0; path = Pods_Journals.framework; sourceTree = BUILT_PRODUCTS_DIR; };
		D603D621FC9D0D14D33B5E31 /* Pods-Journals.release.xcconfig */ = {isa = PBXFileReference; includeInIndex = 1; lastKnownFileType = text.xcconfig; name = "Pods-Journals.release.xcconfig"; path = "Target Support Files/Pods-Journals/Pods-Journals.release.xcconfig"; sourceTree = "<group>"; };
/* End PBXFileReference section */

/* Begin PBXFrameworksBuildPhase section */
		361CBDC82289129000ED75EB /* Frameworks */ = {
			isa = PBXFrameworksBuildPhase;
			buildActionMask = 2147483647;
			files = (
				683A289748C931CA4FB76A50 /* Pods_Journals.framework in Frameworks */,
			);
			runOnlyForDeploymentPostprocessing = 0;
		};
/* End PBXFrameworksBuildPhase section */

/* Begin PBXGroup section */
		293A2DB2115CDBD840BA70B9 /* Pods */ = {
			isa = PBXGroup;
			children = (
				3AA79766F936C129970F9625 /* Pods-Journals.debug.xcconfig */,
				D603D621FC9D0D14D33B5E31 /* Pods-Journals.release.xcconfig */,
			);
			path = Pods;
			sourceTree = "<group>";
		};
		361CBDC22289129000ED75EB = {
			isa = PBXGroup;
			children = (
				361CBDCD2289129000ED75EB /* Journals */,
				361CBDCC2289129000ED75EB /* Products */,
				293A2DB2115CDBD840BA70B9 /* Pods */,
				63DE1EC45365B5530DBF0819 /* Frameworks */,
			);
			sourceTree = "<group>";
		};
		361CBDCC2289129000ED75EB /* Products */ = {
			isa = PBXGroup;
			children = (
				361CBDCB2289129000ED75EB /* Journals.app */,
			);
			name = Products;
			sourceTree = "<group>";
		};
		361CBDCD2289129000ED75EB /* Journals */ = {
			isa = PBXGroup;
			children = (
				361CBDCE2289129000ED75EB /* AppDelegate.swift */,
				361CBDD02289129000ED75EB /* ViewController.swift */,
				361CBDD22289129000ED75EB /* Main.storyboard */,
				361CBDE12289217300ED75EB /* PhotoViewController.swift */,
				361CBDD52289129500ED75EB /* Assets.xcassets */,
				361CBDD72289129500ED75EB /* LaunchScreen.storyboard */,
				361CBDDA2289129500ED75EB /* Info.plist */,
			);
			path = Journals;
			sourceTree = "<group>";
		};
		63DE1EC45365B5530DBF0819 /* Frameworks */ = {
			isa = PBXGroup;
			children = (
				50302085D75BEC5C3F55F9FF /* Pods_Journals.framework */,
			);
			name = Frameworks;
			sourceTree = "<group>";
		};
/* End PBXGroup section */

/* Begin PBXNativeTarget section */
		361CBDCA2289129000ED75EB /* Journals */ = {
			isa = PBXNativeTarget;
			buildConfigurationList = 361CBDDD2289129500ED75EB /* Build configuration list for PBXNativeTarget "Journals" */;
			buildPhases = (
				5A4A3065D81CE5AB469EAC93 /* [CP] Check Pods Manifest.lock */,
				361CBDC72289129000ED75EB /* Sources */,
				361CBDC82289129000ED75EB /* Frameworks */,
				361CBDC92289129000ED75EB /* Resources */,
				361CBDE02289151E00ED75EB /* ShellScript */,
			);
			buildRules = (
			);
			dependencies = (
			);
			name = Journals;
			productName = Journals;
			productReference = 361CBDCB2289129000ED75EB /* Journals.app */;
			productType = "com.apple.product-type.application";
		};
/* End PBXNativeTarget section */

/* Begin PBXProject section */
		361CBDC32289129000ED75EB /* Project object */ = {
			isa = PBXProject;
			attributes = {
				LastSwiftUpdateCheck = 1020;
				LastUpgradeCheck = 1020;
				ORGANIZATIONNAME = "ios-class";
				TargetAttributes = {
					361CBDCA2289129000ED75EB = {
						CreatedOnToolsVersion = 10.2;
					};
				};
			};
			buildConfigurationList = 361CBDC62289129000ED75EB /* Build configuration list for PBXProject "Journals" */;
			compatibilityVersion = "Xcode 9.3";
			developmentRegion = en;
			hasScannedForEncodings = 0;
			knownRegions = (
				en,
				Base,
			);
			mainGroup = 361CBDC22289129000ED75EB;
			productRefGroup = 361CBDCC2289129000ED75EB /* Products */;
			projectDirPath = "";
			projectRoot = "";
			targets = (
				361CBDCA2289129000ED75EB /* Journals */,
			);
		};
/* End PBXProject section */

/* Begin PBXResourcesBuildPhase section */
		361CBDC92289129000ED75EB /* Resources */ = {
			isa = PBXResourcesBuildPhase;
			buildActionMask = 2147483647;
			files = (
				361CBDD92289129500ED75EB /* LaunchScreen.storyboard in Resources */,
				361CBDD62289129500ED75EB /* Assets.xcassets in Resources */,
				361CBDD42289129000ED75EB /* Main.storyboard in Resources */,
			);
			runOnlyForDeploymentPostprocessing = 0;
		};
/* End PBXResourcesBuildPhase section */

/* Begin PBXShellScriptBuildPhase section */
		361CBDE02289151E00ED75EB /* ShellScript */ = {
			isa = PBXShellScriptBuildPhase;
			buildActionMask = 2147483647;
			files = (
			);
			inputFileListPaths = (
			);
			inputPaths = (
			);
			outputFileListPaths = (
			);
			outputPaths = (
			);
			runOnlyForDeploymentPostprocessing = 0;
			shellPath = /bin/sh;
			shellScript = "\"${PODS_ROOT}/SwiftLint/swiftlint\"\n";
		};
		5A4A3065D81CE5AB469EAC93 /* [CP] Check Pods Manifest.lock */ = {
			isa = PBXShellScriptBuildPhase;
			buildActionMask = 2147483647;
			files = (
			);
			inputFileListPaths = (
			);
			inputPaths = (
				"${PODS_PODFILE_DIR_PATH}/Podfile.lock",
				"${PODS_ROOT}/Manifest.lock",
			);
			name = "[CP] Check Pods Manifest.lock";
			outputFileListPaths = (
			);
			outputPaths = (
				"$(DERIVED_FILE_DIR)/Pods-Journals-checkManifestLockResult.txt",
			);
			runOnlyForDeploymentPostprocessing = 0;
			shellPath = /bin/sh;
			shellScript = "diff \"${PODS_PODFILE_DIR_PATH}/Podfile.lock\" \"${PODS_ROOT}/Manifest.lock\" > /dev/null\nif [ $? != 0 ] ; then\n    # print error to STDERR\n    echo \"error: The sandbox is not in sync with the Podfile.lock. Run 'pod install' or update your CocoaPods installation.\" >&2\n    exit 1\nfi\n# This output is used by Xcode 'outputs' to avoid re-running this script phase.\necho \"SUCCESS\" > \"${SCRIPT_OUTPUT_FILE_0}\"\n";
			showEnvVarsInLog = 0;
		};
/* End PBXShellScriptBuildPhase section */

/* Begin PBXSourcesBuildPhase section */
		361CBDC72289129000ED75EB /* Sources */ = {
			isa = PBXSourcesBuildPhase;
			buildActionMask = 2147483647;
			files = (
				361CBDD12289129000ED75EB /* ViewController.swift in Sources */,
				361CBDCF2289129000ED75EB /* AppDelegate.swift in Sources */,
				361CBDE22289217300ED75EB /* PhotoViewController.swift in Sources */,
			);
			runOnlyForDeploymentPostprocessing = 0;
		};
/* End PBXSourcesBuildPhase section */

/* Begin PBXVariantGroup section */
		361CBDD22289129000ED75EB /* Main.storyboard */ = {
			isa = PBXVariantGroup;
			children = (
				361CBDD32289129000ED75EB /* Base */,
			);
			name = Main.storyboard;
			sourceTree = "<group>";
		};
		361CBDD72289129500ED75EB /* LaunchScreen.storyboard */ = {
			isa = PBXVariantGroup;
			children = (
				361CBDD82289129500ED75EB /* Base */,
			);
			name = LaunchScreen.storyboard;
			sourceTree = "<group>";
		};
/* End PBXVariantGroup section */

/* Begin XCBuildConfiguration section */
		361CBDDB2289129500ED75EB /* Debug */ = {
			isa = XCBuildConfiguration;
			buildSettings = {
				ALWAYS_SEARCH_USER_PATHS = NO;
				CLANG_ANALYZER_NONNULL = YES;
				CLANG_ANALYZER_NUMBER_OBJECT_CONVERSION = YES_AGGRESSIVE;
				CLANG_CXX_LANGUAGE_STANDARD = "gnu++14";
				CLANG_CXX_LIBRARY = "libc++";
				CLANG_ENABLE_MODULES = YES;
				CLANG_ENABLE_OBJC_ARC = YES;
				CLANG_ENABLE_OBJC_WEAK = YES;
				CLANG_WARN_BLOCK_CAPTURE_AUTORELEASING = YES;
				CLANG_WARN_BOOL_CONVERSION = YES;
				CLANG_WARN_COMMA = YES;
				CLANG_WARN_CONSTANT_CONVERSION = YES;
				CLANG_WARN_DEPRECATED_OBJC_IMPLEMENTATIONS = YES;
				CLANG_WARN_DIRECT_OBJC_ISA_USAGE = YES_ERROR;
				CLANG_WARN_DOCUMENTATION_COMMENTS = YES;
				CLANG_WARN_EMPTY_BODY = YES;
				CLANG_WARN_ENUM_CONVERSION = YES;
				CLANG_WARN_INFINITE_RECURSION = YES;
				CLANG_WARN_INT_CONVERSION = YES;
				CLANG_WARN_NON_LITERAL_NULL_CONVERSION = YES;
				CLANG_WARN_OBJC_IMPLICIT_RETAIN_SELF = YES;
				CLANG_WARN_OBJC_LITERAL_CONVERSION = YES;
				CLANG_WARN_OBJC_ROOT_CLASS = YES_ERROR;
				CLANG_WARN_RANGE_LOOP_ANALYSIS = YES;
				CLANG_WARN_STRICT_PROTOTYPES = YES;
				CLANG_WARN_SUSPICIOUS_MOVE = YES;
				CLANG_WARN_UNGUARDED_AVAILABILITY = YES_AGGRESSIVE;
				CLANG_WARN_UNREACHABLE_CODE = YES;
				CLANG_WARN__DUPLICATE_METHOD_MATCH = YES;
				CODE_SIGN_IDENTITY = "iPhone Developer";
				COPY_PHASE_STRIP = NO;
				DEBUG_INFORMATION_FORMAT = dwarf;
				ENABLE_STRICT_OBJC_MSGSEND = YES;
				ENABLE_TESTABILITY = YES;
				GCC_C_LANGUAGE_STANDARD = gnu11;
				GCC_DYNAMIC_NO_PIC = NO;
				GCC_NO_COMMON_BLOCKS = YES;
				GCC_OPTIMIZATION_LEVEL = 0;
				GCC_PREPROCESSOR_DEFINITIONS = (
					"DEBUG=1",
					"$(inherited)",
				);
				GCC_WARN_64_TO_32_BIT_CONVERSION = YES;
				GCC_WARN_ABOUT_RETURN_TYPE = YES_ERROR;
				GCC_WARN_UNDECLARED_SELECTOR = YES;
				GCC_WARN_UNINITIALIZED_AUTOS = YES_AGGRESSIVE;
				GCC_WARN_UNUSED_FUNCTION = YES;
				GCC_WARN_UNUSED_VARIABLE = YES;
				IPHONEOS_DEPLOYMENT_TARGET = 12.2;
				MTL_ENABLE_DEBUG_INFO = INCLUDE_SOURCE;
				MTL_FAST_MATH = YES;
				ONLY_ACTIVE_ARCH = YES;
				SDKROOT = iphoneos;
				SWIFT_ACTIVE_COMPILATION_CONDITIONS = DEBUG;
				SWIFT_OPTIMIZATION_LEVEL = "-Onone";
			};
			name = Debug;
		};
		361CBDDC2289129500ED75EB /* Release */ = {
			isa = XCBuildConfiguration;
			buildSettings = {
				ALWAYS_SEARCH_USER_PATHS = NO;
				CLANG_ANALYZER_NONNULL = YES;
				CLANG_ANALYZER_NUMBER_OBJECT_CONVERSION = YES_AGGRESSIVE;
				CLANG_CXX_LANGUAGE_STANDARD = "gnu++14";
				CLANG_CXX_LIBRARY = "libc++";
				CLANG_ENABLE_MODULES = YES;
				CLANG_ENABLE_OBJC_ARC = YES;
				CLANG_ENABLE_OBJC_WEAK = YES;
				CLANG_WARN_BLOCK_CAPTURE_AUTORELEASING = YES;
				CLANG_WARN_BOOL_CONVERSION = YES;
				CLANG_WARN_COMMA = YES;
				CLANG_WARN_CONSTANT_CONVERSION = YES;
				CLANG_WARN_DEPRECATED_OBJC_IMPLEMENTATIONS = YES;
				CLANG_WARN_DIRECT_OBJC_ISA_USAGE = YES_ERROR;
				CLANG_WARN_DOCUMENTATION_COMMENTS = YES;
				CLANG_WARN_EMPTY_BODY = YES;
				CLANG_WARN_ENUM_CONVERSION = YES;
				CLANG_WARN_INFINITE_RECURSION = YES;
				CLANG_WARN_INT_CONVERSION = YES;
				CLANG_WARN_NON_LITERAL_NULL_CONVERSION = YES;
				CLANG_WARN_OBJC_IMPLICIT_RETAIN_SELF = YES;
				CLANG_WARN_OBJC_LITERAL_CONVERSION = YES;
				CLANG_WARN_OBJC_ROOT_CLASS = YES_ERROR;
				CLANG_WARN_RANGE_LOOP_ANALYSIS = YES;
				CLANG_WARN_STRICT_PROTOTYPES = YES;
				CLANG_WARN_SUSPICIOUS_MOVE = YES;
				CLANG_WARN_UNGUARDED_AVAILABILITY = YES_AGGRESSIVE;
				CLANG_WARN_UNREACHABLE_CODE = YES;
				CLANG_WARN__DUPLICATE_METHOD_MATCH = YES;
				CODE_SIGN_IDENTITY = "iPhone Developer";
				COPY_PHASE_STRIP = NO;
				DEBUG_INFORMATION_FORMAT = "dwarf-with-dsym";
				ENABLE_NS_ASSERTIONS = NO;
				ENABLE_STRICT_OBJC_MSGSEND = YES;
				GCC_C_LANGUAGE_STANDARD = gnu11;
				GCC_NO_COMMON_BLOCKS = YES;
				GCC_WARN_64_TO_32_BIT_CONVERSION = YES;
				GCC_WARN_ABOUT_RETURN_TYPE = YES_ERROR;
				GCC_WARN_UNDECLARED_SELECTOR = YES;
				GCC_WARN_UNINITIALIZED_AUTOS = YES_AGGRESSIVE;
				GCC_WARN_UNUSED_FUNCTION = YES;
				GCC_WARN_UNUSED_VARIABLE = YES;
				IPHONEOS_DEPLOYMENT_TARGET = 12.2;
				MTL_ENABLE_DEBUG_INFO = NO;
				MTL_FAST_MATH = YES;
				SDKROOT = iphoneos;
				SWIFT_COMPILATION_MODE = wholemodule;
				SWIFT_OPTIMIZATION_LEVEL = "-O";
				VALIDATE_PRODUCT = YES;
			};
			name = Release;
		};
		361CBDDE2289129500ED75EB /* Debug */ = {
			isa = XCBuildConfiguration;
			baseConfigurationReference = 3AA79766F936C129970F9625 /* Pods-Journals.debug.xcconfig */;
			buildSettings = {
				ASSETCATALOG_COMPILER_APPICON_NAME = AppIcon;
				CODE_SIGN_STYLE = Automatic;
				DEVELOPMENT_TEAM = WSC75253FH;
				INFOPLIST_FILE = Journals/Info.plist;
				LD_RUNPATH_SEARCH_PATHS = (
					"$(inherited)",
					"@executable_path/Frameworks",
				);
				PRODUCT_BUNDLE_IDENTIFIER = "com.ios-class.Firebae.Notification.Journals";
				PRODUCT_NAME = "$(TARGET_NAME)";
				SWIFT_VERSION = 5.0;
				TARGETED_DEVICE_FAMILY = "1,2";
			};
			name = Debug;
		};
		361CBDDF2289129500ED75EB /* Release */ = {
			isa = XCBuildConfiguration;
			baseConfigurationReference = D603D621FC9D0D14D33B5E31 /* Pods-Journals.release.xcconfig */;
			buildSettings = {
				ASSETCATALOG_COMPILER_APPICON_NAME = AppIcon;
				CODE_SIGN_STYLE = Automatic;
				DEVELOPMENT_TEAM = WSC75253FH;
				INFOPLIST_FILE = Journals/Info.plist;
				LD_RUNPATH_SEARCH_PATHS = (
					"$(inherited)",
					"@executable_path/Frameworks",
				);
				PRODUCT_BUNDLE_IDENTIFIER = "com.ios-class.Firebae.Notification.Journals";
				PRODUCT_NAME = "$(TARGET_NAME)";
				SWIFT_VERSION = 5.0;
				TARGETED_DEVICE_FAMILY = "1,2";
			};
			name = Release;
		};
/* End XCBuildConfiguration section */

/* Begin XCConfigurationList section */
		361CBDC62289129000ED75EB /* Build configuration list for PBXProject "Journals" */ = {
			isa = XCConfigurationList;
			buildConfigurations = (
				361CBDDB2289129500ED75EB /* Debug */,
				361CBDDC2289129500ED75EB /* Release */,
			);
			defaultConfigurationIsVisible = 0;
			defaultConfigurationName = Release;
		};
		361CBDDD2289129500ED75EB /* Build configuration list for PBXNativeTarget "Journals" */ = {
			isa = XCConfigurationList;
			buildConfigurations = (
				361CBDDE2289129500ED75EB /* Debug */,
				361CBDDF2289129500ED75EB /* Release */,
			);
			defaultConfigurationIsVisible = 0;
			defaultConfigurationName = Release;
		};
/* End XCConfigurationList section */
	};
	rootObject = 361CBDC32289129000ED75EB /* Project object */;
}
